{
    "_readme": [
        "This file locks the dependencies of your project to a known state",
        "Read more about it at https://getcomposer.org/doc/01-basic-usage.md#composer-lock-the-lock-file",
        "This file is @generated automatically"
    ],
    "hash": "e03882ae8ccd0c1cfd39cf9d105b3f9e",
    "content-hash": "a76b3e8260d3f8aa8b1228008385b6a6",
    "packages": [
        {
            "name": "eloquent/composer-config-reader",
            "version": "2.0.1",
            "source": {
                "type": "git",
                "url": "https://github.com/eloquent/composer-config-reader.git",
                "reference": "f6e72fc8a241e98e0e54657ba02df1df4f678292"
            },
            "dist": {
                "type": "zip",
                "url": "https://api.github.com/repos/eloquent/composer-config-reader/zipball/f6e72fc8a241e98e0e54657ba02df1df4f678292",
                "reference": "f6e72fc8a241e98e0e54657ba02df1df4f678292",
                "shasum": ""
            },
            "require": {
                "eloquent/enumeration": "^5",
                "icecave/isolator": "^3",
                "justinrainbow/json-schema": "^2",
                "php": ">=5.3"
            },
            "require-dev": {
                "eloquent/liberator": "^2",
                "friendsofphp/php-cs-fixer": "^1",
                "phake/phake": "^2",
                "phpunit/phpunit": "^4"
            },
            "type": "library",
            "autoload": {
                "psr-4": {
                    "Eloquent\\Composer\\Configuration\\": "src"
                }
            },
            "notification-url": "https://packagist.org/downloads/",
            "license": [
                "MIT"
            ],
            "authors": [
                {
                    "name": "Erin Millard",
                    "email": "ezzatron@gmail.com",
                    "homepage": "http://ezzatron.com/"
                }
            ],
            "description": "A light-weight component for reading Composer configuration files.",
            "homepage": "https://github.com/eloquent/composer-config-reader",
            "keywords": [
                "composer",
                "configuration",
                "parser",
                "reader"
            ],
            "time": "2016-06-23 07:33:20"
        },
        {
            "name": "eloquent/enumeration",
            "version": "5.1.1",
            "source": {
                "type": "git",
                "url": "https://github.com/eloquent/enumeration.git",
                "reference": "0242859435d9b135939816858348556d3cde9e3c"
            },
            "dist": {
                "type": "zip",
                "url": "https://api.github.com/repos/eloquent/enumeration/zipball/0242859435d9b135939816858348556d3cde9e3c",
                "reference": "0242859435d9b135939816858348556d3cde9e3c",
                "shasum": ""
            },
            "require": {
                "php": ">=5.3"
            },
            "require-dev": {
                "icecave/archer": "dev-develop",
                "phpunit/phpunit": "^4",
                "sami/sami": "^3"
            },
            "type": "library",
            "autoload": {
                "psr-4": {
                    "Eloquent\\Enumeration\\": "src"
                }
            },
            "notification-url": "https://packagist.org/downloads/",
            "license": [
                "MIT"
            ],
            "authors": [
                {
                    "name": "Erin Millard",
                    "email": "ezzatron@gmail.com",
                    "homepage": "http://ezzatron.com/"
                }
            ],
            "description": "An enumeration implementation for PHP.",
            "homepage": "https://github.com/eloquent/enumeration",
            "keywords": [
                "class",
                "enum",
                "enumeration",
                "multiton",
                "set",
                "type"
            ],
            "time": "2015-11-03 22:21:38"
        },
        {
            "name": "firegento/magesetup",
            "version": "dev-development",
            "source": {
                "type": "git",
                "url": "https://github.com/firegento/firegento-magesetup.git",
                "reference": "e7b17f0d87b5ee33dc0db57a83aae15fc129e453"
            },
            "dist": {
                "type": "zip",
                "url": "https://api.github.com/repos/firegento/firegento-magesetup/zipball/e7b17f0d87b5ee33dc0db57a83aae15fc129e453",
                "reference": "e7b17f0d87b5ee33dc0db57a83aae15fc129e453",
                "shasum": ""
            },
            "require": {
                "magento-hackathon/magento-composer-installer": "*"
            },
            "require-dev": {
                "firegento/mage-ci": "master-dev",
                "phpunit/phpunit": "4.1.*@dev"
            },
            "type": "magento-module",
            "extra": {
                "magento-root-dir": "test/",
                "magento_connect": {
                    "name": "FireGento_MageSetup",
                    "summary": "MageSetup configures a shop for a national market. It creates configuration and tax settings, email templates, cms blocks and pages.",
                    "channel": "community",
                    "php_min": "5.3.0",
                    "php_max": "7.9.9",
                    "stability": "stable",
                    "license_uri": "http://www.gnu.org/licenses/gpl-3.0.html",
                    "content": [
                        {
                            "type": "magecommunity",
                            "structure": "dir",
                            "path": "FireGento/MageSetup"
                        },
                        {
                            "type": "mageetc",
                            "structure": "file",
                            "path": "modules/FireGento_MageSetup.xml"
                        },
                        {
                            "type": "magelocale",
                            "structure": "file",
                            "path": "de_AT/FireGento_MageSetup.csv"
                        },
                        {
                            "type": "magelocale",
                            "structure": "dir",
                            "path": "de_CH/template/magesetup"
                        },
                        {
                            "type": "magelocale",
                            "structure": "file",
                            "path": "de_DE/FireGento_MageSetup.csv"
                        },
                        {
                            "type": "magelocale",
                            "structure": "dir",
                            "path": "de_DE/template/magesetup"
                        },
                        {
                            "type": "magelocale",
                            "structure": "file",
                            "path": "en_US/FireGento_MageSetup.csv"
                        },
                        {
                            "type": "magelocale",
                            "structure": "dir",
                            "path": "en_US/template/magesetup"
                        },
                        {
                            "type": "magelocale",
                            "structure": "file",
                            "path": "ru_RU/FireGento_MageSetup.csv"
                        },
                        {
                            "type": "magelocale",
                            "structure": "dir",
                            "path": "ru_RU/template/magesetup"
                        },
                        {
                            "type": "magelocale",
                            "structure": "dir",
                            "path": "pl_PL/template/magesetup"
                        },
                        {
                            "type": "magelocale",
                            "structure": "dir",
                            "path": "ro_RO/template/magesetup"
                        },
                        {
                            "type": "magelocale",
                            "structure": "dir",
                            "path": "fr_CH/template/magesetup"
                        },
                        {
                            "type": "magelocale",
                            "structure": "file",
                            "path": "fr_FR/FireGento_MageSetup.csv"
                        },
                        {
                            "type": "magelocale",
                            "structure": "dir",
                            "path": "fr_FR/template/magesetup"
                        },
                        {
                            "type": "magelocale",
                            "structure": "file",
                            "path": "it_IT/FireGento_MageSetup.csv"
                        },
                        {
                            "type": "magelocale",
                            "structure": "dir",
                            "path": "it_IT/template/magesetup"
                        },
                        {
                            "type": "magedesign",
                            "structure": "file",
                            "path": "adminhtml/default/default/layout/magesetup.xml"
                        },
                        {
                            "type": "magedesign",
                            "structure": "dir",
                            "path": "adminhtml/default/default/template/magesetup"
                        },
                        {
                            "type": "magedesign",
                            "structure": "file",
                            "path": "frontend/base/default/layout/magesetup.xml"
                        },
                        {
                            "type": "magedesign",
                            "structure": "dir",
                            "path": "frontend/base/default/template/magesetup"
                        },
                        {
                            "type": "magedesign",
                            "structure": "dir",
                            "path": "frontend/rwd/default/template/magesetup"
                        },
                        {
                            "type": "mageskin",
                            "structure": "dir",
                            "path": "frontend/base/default/css/magesetup"
                        },
                        {
                            "type": "mageskin",
                            "structure": "dir",
                            "path": "frontend/rwd/default/css/magesetup"
                        }
                    ]
                }
            },
            "license": [
                "GPL-3.0"
            ],
            "authors": [
                {
                    "name": "Team FireGento",
                    "email": "team@firegento.com"
                }
            ],
            "description": "See the full list of features including several screenshots at https://github.com/firegento/firegento-magesetup/blob/development/docs/features/features.markdown. Central features of MageSetup are: Setting of important configuration settings per Country; Predefined tax settings and tax classes for shipping from several countries to worldwide destinations; Assign new tax classes to all products (configurable); Creation of email templates based on the local language pack (Legal texts can be added to some templates automatically); Creation and Activation of Checkout Agreements (Agreements can be shown at customer registration instead of or additional to the checkout. They can be required or not); Creation of default CMS pages like imprint, terms and conditions, privacy, shipping, payment methods; Create email templates, cms pages and blocks as well as checkout agreements for store views with a different language as well; Possibility to add tax and/or shipping info to all prices; Automatical generation of meta data to products; Saving of every status change of newsletter subscriptions; Presets are configurable via xml files for every country seperately; Many more.",
            "homepage": "https://github.com/firegento/firegento-magesetup",
            "support": {
                "source": "https://github.com/firegento/firegento-magesetup/tree/development",
                "issues": "https://github.com/firegento/firegento-magesetup/issues"
            },
            "time": "2016-11-30 21:59:20"
        },
        {
            "name": "icecave/isolator",
            "version": "dev-develop",
            "source": {
                "type": "git",
                "url": "https://github.com/IcecaveStudios/isolator.git",
                "reference": "fdf22e670e7d10b51335083817ca0e8597c41168"
            },
            "dist": {
                "type": "zip",
                "url": "https://api.github.com/repos/IcecaveStudios/isolator/zipball/fdf22e670e7d10b51335083817ca0e8597c41168",
                "reference": "fdf22e670e7d10b51335083817ca0e8597c41168",
                "shasum": ""
            },
            "require": {
                "php": ">=5.3"
            },
            "require-dev": {
                "icecave/archer": "~1"
            },
            "type": "library",
            "extra": {
                "branch-alias": {
                    "dev-develop": "3.0.x-dev"
                }
            },
            "autoload": {
                "psr-4": {
                    "Icecave\\Isolator\\": "src"
                },
                "files": [
                    "src/register-autoloader.php"
                ]
            },
            "notification-url": "https://packagist.org/downloads/",
            "license": [
                "MIT"
            ],
            "authors": [
                {
                    "name": "James Harris",
                    "email": "james.harris@icecave.com.au",
                    "homepage": "https://github.com/jmalloc"
                }
            ],
            "description": "Dependency injection for global functions.",
            "homepage": "https://github.com/IcecaveStudios/isolator",
            "keywords": [
                "Double",
                "fake",
                "mock",
                "phpunit",
                "stub",
                "test",
                "unit"
            ],
            "time": "2015-03-27 05:04:25"
        },
        {
            "name": "justinrainbow/json-schema",
            "version": "2.0.5",
            "source": {
                "type": "git",
                "url": "https://github.com/justinrainbow/json-schema.git",
                "reference": "6b2a33e6a768f96bdc2ead5600af0822eed17d67"
            },
            "dist": {
                "type": "zip",
                "url": "https://api.github.com/repos/justinrainbow/json-schema/zipball/6b2a33e6a768f96bdc2ead5600af0822eed17d67",
                "reference": "6b2a33e6a768f96bdc2ead5600af0822eed17d67",
                "shasum": ""
            },
            "require": {
                "php": ">=5.3.3"
            },
            "require-dev": {
                "json-schema/json-schema-test-suite": "1.2.0",
                "phpdocumentor/phpdocumentor": "~2",
                "phpunit/phpunit": "^4.8.22"
            },
            "bin": [
                "bin/validate-json"
            ],
            "type": "library",
            "extra": {
                "branch-alias": {
                    "dev-master": "2.0.x-dev"
                }
            },
            "autoload": {
                "psr-4": {
                    "JsonSchema\\": "src/JsonSchema/"
                }
            },
            "notification-url": "https://packagist.org/downloads/",
            "license": [
                "MIT"
            ],
            "authors": [
                {
                    "name": "Bruno Prieto Reis",
                    "email": "bruno.p.reis@gmail.com"
                },
                {
                    "name": "Justin Rainbow",
                    "email": "justin.rainbow@gmail.com"
                },
                {
                    "name": "Igor Wiedler",
                    "email": "igor@wiedler.ch"
                },
                {
                    "name": "Robert Schönthal",
                    "email": "seroscho@googlemail.com"
                }
            ],
            "description": "A library to validate a json schema.",
            "homepage": "https://github.com/justinrainbow/json-schema",
            "keywords": [
                "json",
                "schema"
            ],
            "time": "2016-06-02 10:59:52"
        },
        {
            "name": "magento-hackathon/magento-composer-installer",
            "version": "dev-magento_localized",
            "source": {
                "type": "git",
                "url": "https://github.com/integer-net/magento-composer-installer.git",
                "reference": "02ce6745a3b4384aa003678091a3a7840619ea27"
            },
            "dist": {
                "type": "zip",
                "url": "https://api.github.com/repos/integer-net/magento-composer-installer/zipball/02ce6745a3b4384aa003678091a3a7840619ea27",
                "reference": "02ce6745a3b4384aa003678091a3a7840619ea27",
                "shasum": ""
            },
            "archive": {
                "exclude": [
                    "vendor",
                    "/tests/FullStackTest/"
                ]
            },
            "require": {
                "composer-plugin-api": "~1.0",
                "eloquent/composer-config-reader": "2.*"
            },
            "require-dev": {
                "composer/composer": "*@dev",
                "firegento/phpcs": "1.1.0",
                "mikey179/vfsstream": "*",
                "phpunit/phpunit": "*",
                "phpunit/phpunit-mock-objects": "dev-master",
                "squizlabs/php_codesniffer": "1.4.7",
                "symfony/process": "*"
            },
            "suggest": {
                "colinmollenhour/modman": "*",
                "magento-hackathon/composer-command-integrator": "*",
                "theseer/autoload": "~1.14",
                "zetacomponents/console-tools": "dev-master"
            },
            "type": "composer-plugin",
            "extra": {
                "composer-command-registry": [
                    "MagentoHackathon\\Composer\\Magento\\Command\\DeployCommand"
                ],
                "class": "MagentoHackathon\\Composer\\Magento\\Plugin"
            },
            "autoload": {
                "psr-0": {
                    "MagentoHackathon\\Composer\\Magento": "src/"
                }
            },
            "autoload-dev": {
                "psr-0": {
                    "MagentoHackathon\\Composer\\Magento": "tests/"
                }
            },
            "license": [
                "OSL-3.0"
            ],
            "authors": [
                {
                    "name": "Daniel Fahlke aka Flyingmana",
                    "email": "flyingmana@googlemail.com"
                },
                {
                    "name": "Jörg Weller",
                    "email": "weller@flagbit.de"
                },
                {
                    "name": "Karl Spies",
                    "email": "karl.spies@gmx.net"
                },
                {
                    "name": "Tobias Vogt",
                    "email": "tobi@webguys.de"
                },
                {
                    "name": "David Fuhr",
                    "email": "fuhr@flagbit.de"
                },
                {
                    "name": "Vinai Kopp",
                    "email": "vinai@netzarbeiter.com"
                }
            ],
            "description": "Composer installer for Magento modules",
            "homepage": "https://github.com/magento-hackathon/magento-composer-installer",
            "keywords": [
                "composer-installer",
                "magento"
            ],
            "support": {
                "source": "https://github.com/integer-net/magento-composer-installer/tree/magento_localized"
            },
            "time": "2016-06-06 12:24:40"
        },
        {
            "name": "magestore/giaohangnhanh",
            "version": "dev-master",
            "source": {
                "type": "git",
                "url": "https://github.com/Magestore/Magento-Giaohangnhanh-Extension.git",
                "reference": "5bcba376b57ba9e379b352f65f0e182027ff1466"
            },
            "dist": {
                "type": "zip",
                "url": "https://api.github.com/repos/Magestore/Magento-Giaohangnhanh-Extension/zipball/5bcba376b57ba9e379b352f65f0e182027ff1466",
                "reference": "5bcba376b57ba9e379b352f65f0e182027ff1466",
                "shasum": ""
            },
            "type": "magento-module",
            "license": [
                "GPL-3.0"
            ],
            "description": "Giao Hang Nhanh extension for Magento",
            "homepage": "https://github.com/Magestore/Magento-Giaohangnhanh-Extension.git",
            "support": {
                "source": "https://github.com/Magestore/Magento-Giaohangnhanh-Extension/tree/master",
                "issues": "https://github.com/Magestore/Magento-Giaohangnhanh-Extension/issues"
            },
            "time": "2016-12-02 06:51:53"
        },
        {
            "name": "magestore/magento-localized-vn",
            "version": "dev-master",
            "source": {
                "type": "git",
                "url": "https://github.com/Magestore/MagentoLocalizedVN.git",
                "reference": "b4fdd9ae1e2b27c9d66e0c70056b011a8d8d6568"
            },
            "dist": {
                "type": "zip",
                "url": "https://api.github.com/repos/Magestore/MagentoLocalizedVN/zipball/b4fdd9ae1e2b27c9d66e0c70056b011a8d8d6568",
                "reference": "b4fdd9ae1e2b27c9d66e0c70056b011a8d8d6568",
                "shasum": ""
            },
            "require": {
                "magento-hackathon/magento-composer-installer": "*"
            },
            "type": "magento-module",
            "description": "Vietnam Localization package for Magento Localized",
            "homepage": "https://github.com/Magestore/MagentoLocalizedVN",
            "support": {
                "source": "https://github.com/Magestore/MagentoLocalizedVN/tree/master",
                "issues": "https://github.com/Magestore/MagentoLocalizedVN/issues"
            },
            "time": "2016-11-22 02:58:42"
        },
        {
            "name": "magestore/magento-translation-vi_vn",
            "version": "dev-master",
            "source": {
                "type": "git",
                "url": "https://github.com/Magestore/Vietnamese-Language-Pack.git",
                "reference": "296344b4bea29657b4babb027f40a3b272524b13"
            },
            "dist": {
                "type": "zip",
                "url": "https://api.github.com/repos/Magestore/Vietnamese-Language-Pack/zipball/296344b4bea29657b4babb027f40a3b272524b13",
                "reference": "296344b4bea29657b4babb027f40a3b272524b13",
                "shasum": ""
            },
            "require": {
                "magento-hackathon/magento-composer-installer": "*"
            },
            "type": "magento-module",
            "description": "Vietnamese Translation package",
            "homepage": "https://github.com/Magestore/Vietnamese-Language-Pack.git",
            "support": {
                "source": "https://github.com/Magestore/Vietnamese-Language-Pack/tree/master",
                "issues": "https://github.com/Magestore/Vietnamese-Language-Pack/issues"
            },
            "time": "2016-11-14 06:59:45"
        },
        {
            "name": "magestore/onepay",
            "version": "dev-master",
            "source": {
                "type": "git",
                "url": "https://github.com/Magestore/Magento-Onepay-Extension.git",
                "reference": "945bb5fd3562e34b78a504523f8853efd2ffcb21"
            },
            "dist": {
                "type": "zip",
                "url": "https://api.github.com/repos/Magestore/Magento-Onepay-Extension/zipball/945bb5fd3562e34b78a504523f8853efd2ffcb21",
                "reference": "945bb5fd3562e34b78a504523f8853efd2ffcb21",
                "shasum": ""
            },
            "type": "magento-module",
            "license": [
                "GPL-3.0"
            ],
            "description": "Onepay extension for Magento",
            "homepage": "https://github.com/Magestore/Magento-Onepay-Extension.git",
            "support": {
                "source": "https://github.com/Magestore/Magento-Onepay-Extension/tree/master",
                "issues": "https://github.com/Magestore/Magento-Onepay-Extension/issues"
            },
            "time": "2016-11-17 01:46:36"
        },
        {
            "name": "magestore/regionmanager",
            "version": "dev-master",
            "source": {
                "type": "git",
                "url": "https://github.com/Magestore/Magento-RegionManager-Extension.git",
                "reference": "db0481577fa7e3c2fe956241ffa304f5947e9538"
            },
            "dist": {
                "type": "zip",
                "url": "https://api.github.com/repos/Magestore/Magento-RegionManager-Extension/zipball/db0481577fa7e3c2fe956241ffa304f5947e9538",
                "reference": "db0481577fa7e3c2fe956241ffa304f5947e9538",
                "shasum": ""
            },
            "type": "magento-module",
            "license": [
                "GPL-3.0"
            ],
            "description": "Region Manager extension for Magento",
            "homepage": "https://github.com/Magestore/Magento-RegionManager-Extension.git",
            "support": {
                "source": "https://github.com/Magestore/Magento-RegionManager-Extension/tree/master",
                "issues": "https://github.com/Magestore/Magento-RegionManager-Extension/issues"
            },
            "time": "2016-12-02 06:51:35"
        }
    ],
    "packages-dev": [],
    "aliases": [],
    "minimum-stability": "dev",
    "stability-flags": {
        "magento-hackathon/magento-composer-installer": 20,
        "magestore/magento-localized-vn": 20,
        "magestore/magento-translation-vi_vn": 20,
        "firegento/magesetup": 20,
        "magestore/onepay": 20,
        "magestore/giaohangnhanh": 20,
        "magestore/regionmanager": 20
    },
    "prefer-stable": false,
    "prefer-lowest": false,
    "platform": [],
    "platform-dev": []
}
